{
  "name": "nedb",
  "version": "0.9.3",
  "dependencies": {
    "async": {
      "version": "0.2.9",
      "from": "async@0.2.9",
      "resolved": "https://registry.npmjs.org/async/-/async-0.2.9.tgz"
    },
    "underscore": {
      "version": "1.4.4",
      "from": "underscore@~1.4.4",
      "resolved": "https://registry.npmjs.org/underscore/-/underscore-1.4.4.tgz"
    },
    "binary-search-tree": {
      "version": "0.2.3",
      "from": "binary-search-tree@0.2.3",
      "resolved": "https://registry.npmjs.org/binary-search-tree/-/binary-search-tree-0.2.3.tgz"
    },
    "mkdirp": {
      "version": "0.3.5",
      "from": "mkdirp@~0.3.5",
      "resolved": "https://registry.npmjs.org/mkdirp/-/mkdirp-0.3.5.tgz"
    }
  }
}
